{
  "name": "qscanner-test-npm-vulnerable",
  "version": "1.0.0",
  "lockfileVersion": 2,
  "requires": true,
  "packages": {
    "": {
      "name": "qscanner-test-npm-vulnerable",
      "version": "1.0.0",
      "dependencies": {
        "lodash": "4.17.15",
        "axios": "0.19.0",
        "minimist": "1.2.0",
        "path-parse": "1.0.6",
        "hosted-git-info": "2.7.1",
        "ws": "6.2.1",
        "glob-parent": "3.1.0",
        "browserslist": "4.14.2"
      }
    },
    "node_modules/lodash": {
      "version": "4.17.15",
      "resolved": "https://registry.npmjs.org/lodash/-/lodash-4.17.15.tgz",
      "integrity": "sha512-8xOcRHvCjnocdS5cpwXQXVzmmh5e5+saE2QGoeQmbKmRC/Wfk69b0MWP08OfLqvWbSBZn0NKUQXFZ0dS3CPw=="
    },
    "node_modules/axios": {
      "version": "0.19.0",
      "resolved": "https://registry.npmjs.org/axios/-/axios-0.19.0.tgz",
      "integrity": "sha512-1uvKqKQta3KBxIz14F2v06AEHZ/dIoeKfbTRkK1E5oqjDnuEerLmYTgJB5AiQZHJcljpg1TuRzdjDR06qNk0=="
    },
    "node_modules/minimist": {
      "version": "1.2.0",
      "resolved": "https://registry.npmjs.org/minimist/-/minimist-1.2.0.tgz",
      "integrity": "sha1-o1AIsg9BOD7sH7kU9M1d95omQoQ="
    },
    "node_modules/path-parse": {
      "version": "1.0.6",
      "resolved": "https://registry.npmjs.org/path-parse/-/path-parse-1.0.6.tgz",
      "integrity": "sha512-GSmOT2EbHrINBf9SR7CDELwlJ8AENk3Qn7OikK4nFYAu3Ote2+JYNVe6AnotgjStog18/bz6z6EFLFVpKPkCQ=="
    },
    "node_modules/hosted-git-info": {
      "version": "2.7.1",
      "resolved": "https://registry.npmjs.org/hosted-git-info/-/hosted-git-info-2.7.1.tgz",
      "integrity": "sha512-7T/BxH19zbcCTa8XkMlbK5lTo1WtgkFi3GvdWEyNuc4Vex7/9Dqbnpsf4JMydcfj9HCg4zUWFTL3Za6lapg5A=="
    },
    "node_modules/ws": {
      "version": "6.2.1",
      "resolved": "https://registry.npmjs.org/ws/-/ws-6.2.1.tgz",
      "integrity": "sha512-GIyAXC2cB7LjvpgMt9EKS2ldqr0MTrORaleiOno6TweZ6r3TKtoFQWay/2PceJ3RuBasOHzXNn5Lrw1X0bEjQ=="
    },
    "node_modules/glob-parent": {
      "version": "3.1.0",
      "resolved": "https://registry.npmjs.org/glob-parent/-/glob-parent-3.1.0.tgz",
      "integrity": "sha1-nmr2KZ2NO9K9QEMIMr0RPfkGza4="
    },
    "node_modules/browserslist": {
      "version": "4.14.2",
      "resolved": "https://registry.npmjs.org/browserslist/-/browserslist-4.14.2.tgz",
      "integrity": "sha512-HI4pv1N4/bCoMFnKCwvCEKIe8B7WG1FnGaOiM7bGHZJVDxAaWkzVDLODxoV4pYZqzfT5KJjgAkBnKBxJfzOg=="
    }
  }
}
