# This file is automatically @generated by Cargo.
# It is not intended for manual editing.
version = 3

[[package]]
name = "qscanner-test-rust"
version = "0.1.0"
dependencies = [
 "crossbeam-utils",
 "openssl",
 "regex",
 "time",
]

[[package]]
name = "time"
version = "0.1.44"
source = "registry+https://github.com/rust-lang/crates.io-index"
checksum = "6db9e6914ab8b1ae1c260a4ae7a49b6c5611b40328a735b21862567685e73255"

[[package]]
name = "openssl"
version = "0.10.45"
source = "registry+https://github.com/rust-lang/crates.io-index"
checksum = "b102428fd03bc5edf97f62620f7298614c45cedf287c271e7ed450bbaf83f2e1"
dependencies = [
 "openssl-sys",
]

[[package]]
name = "openssl-sys"
version = "0.9.79"
source = "registry+https://github.com/rust-lang/crates.io-index"
checksum = "5a6a4ab443022b4ef9b8a8f25b4b954b39fcd4cbf13f67a1a5e3e27a9593b58"

[[package]]
name = "regex"
version = "1.5.4"
source = "registry+https://github.com/rust-lang/crates.io-index"
checksum = "d07a8629359eb56f1e2fb1652bb04212c072a87ba68546a04065d525673ac461"
dependencies = [
 "regex-syntax",
]

[[package]]
name = "regex-syntax"
version = "0.6.25"
source = "registry+https://github.com/rust-lang/crates.io-index"
checksum = "f497285884f3fcff424ffc933e56d7cbca511def0c9831a7f9b5f6153e3cc89b"

[[package]]
name = "crossbeam-utils"
version = "0.8.4"
source = "registry+https://github.com/rust-lang/crates.io-index"
checksum = "4feb231f0d4d6af81aed15928e58ecf5816aa62a2b6e967b5cd17a50355cbf6e"
