version = 3

[[package]]
name = "qscanner-test-mixed"
version = "0.1.0"
dependencies = ["openssl", "regex"]

[[package]]
name = "openssl"
version = "0.10.45"
source = "registry+https://github.com/rust-lang/crates.io-index"
checksum = "b102428fd03bc5edf97f62620f7298614c45cedf287c271e7ed450bbaf83f2e1"

[[package]]
name = "regex"
version = "1.5.4"
source = "registry+https://github.com/rust-lang/crates.io-index"
checksum = "d07a8629359eb56f1e2fb1652bb04212c072a87ba68546a04065d525673ac461"
