{
    "_readme": ["TD-12: Mixed ecosystem - PHP vulnerable deps"],
    "content-hash": "d41d8cd98f00b204e9800998ecf8427e",
    "packages": [
        {
            "name": "guzzlehttp/guzzle",
            "version": "6.5.4",
            "type": "library",
            "description": "Guzzle is a PHP HTTP client library"
        },
        {
            "name": "phpunit/phpunit",
            "version": "8.5.0",
            "type": "library",
            "description": "The PHP Unit Testing framework"
        }
    ],
    "packages-dev": [],
    "platform": []
}
